recipe: run go mod tidy on the module
model: claude-sonnet-4-6
variables:
    model: claude-sonnet-4-6
    module: github.com/vibefile-dev/vibe
    name: vibe
context_files:
    Vibefile: sha256:419bbb82b545f6eefdea083b8e0757a098ca9b086e786a3e14e3384100b62a6a
    go.mod: sha256:91a1588eed67a8aca61ed7f49fbb42a788bfb1d04f28491506a48037305d65ec
script_hash: sha256:4d83b6e9c9cbcb7d2dd3eec8a04d8cb0c81ae94a7e8abc124bdd2a138644ceb3
generated_at: 2026-03-10T03:58:42.916218Z
